// !$*UTF8*$!
{
	archiveVersion = 1;
	classes = {
	};
	objectVersion = 46;
	objects = {

/* Begin PBXBuildFile section */
		0C8CD88E19E792D8001E5790 /* AppDelegate.swift in Sources */ = {isa = PBXBuildFile; fileRef = 0C8CD88D19E792D8001E5790 /* AppDelegate.swift */; };
		0C8CD89019E792D8001E5790 /* ViewController.swift in Sources */ = {isa = PBXBuildFile; fileRef = 0C8CD88F19E792D8001E5790 /* ViewController.swift */; };
		0C8CD89319E792D8001E5790 /* Main.storyboard in Resources */ = {isa = PBXBuildFile; fileRef = 0C8CD89119E792D8001E5790 /* Main.storyboard */; };
		0C8CD89519E792D8001E5790 /* Images.xcassets in Resources */ = {isa = PBXBuildFile; fileRef = 0C8CD89419E792D8001E5790 /* Images.xcassets */; };
		0C8CD89819E792D8001E5790 /* LaunchScreen.xib in Resources */ = {isa = PBXBuildFile; fileRef = 0C8CD89619E792D8001E5790 /* LaunchScreen.xib */; };
		0C8CD8A419E792D8001E5790 /* dropboxTests.swift in Sources */ = {isa = PBXBuildFile; fileRef = 0C8CD8A319E792D8001E5790 /* dropboxTests.swift */; };
		0C8CD8B019E7B161001E5790 /* DoneViewController.swift in Sources */ = {isa = PBXBuildFile; fileRef = 0C8CD8AF19E7B161001E5790 /* DoneViewController.swift */; };
		0C8CD8B219E82877001E5790 /* SettingsViewController.swift in Sources */ = {isa = PBXBuildFile; fileRef = 0C8CD8B119E82877001E5790 /* SettingsViewController.swift */; };
		0C8CD8B419E82D9E001E5790 /* TroubleViewController.swift in Sources */ = {isa = PBXBuildFile; fileRef = 0C8CD8B319E82D9E001E5790 /* TroubleViewController.swift */; };
		0CA0D4BB19E89F61009D3807 /* SignInSegueViewController.swift in Sources */ = {isa = PBXBuildFile; fileRef = 0CA0D4BA19E89F61009D3807 /* SignInSegueViewController.swift */; };
		0CA0D4BD19E8A3F3009D3807 /* CreateAccountRootViewController.swift in Sources */ = {isa = PBXBuildFile; fileRef = 0CA0D4BC19E8A3F2009D3807 /* CreateAccountRootViewController.swift */; };
		0CA0D4BF19E8A599009D3807 /* SignInViewController.swift in Sources */ = {isa = PBXBuildFile; fileRef = 0CA0D4BE19E8A599009D3807 /* SignInViewController.swift */; };
		0CA0D4C119E8A8B7009D3807 /* CreateAccountViewController.swift in Sources */ = {isa = PBXBuildFile; fileRef = 0CA0D4C019E8A8B7009D3807 /* CreateAccountViewController.swift */; };
		0CB94B8419EB819F0054734A /* ExistingPhotosViewController.swift in Sources */ = {isa = PBXBuildFile; fileRef = 0CB94B8319EB819F0054734A /* ExistingPhotosViewController.swift */; };
/* End PBXBuildFile section */

/* Begin PBXContainerItemProxy section */
		0C8CD89E19E792D8001E5790 /* PBXContainerItemProxy */ = {
			isa = PBXContainerItemProxy;
			containerPortal = 0C8CD88019E792D8001E5790 /* Project object */;
			proxyType = 1;
			remoteGlobalIDString = 0C8CD88719E792D8001E5790;
			remoteInfo = dropbox;
		};
/* End PBXContainerItemProxy section */

/* Begin PBXFileReference section */
		0C8CD88819E792D8001E5790 /* dropbox.app */ = {isa = PBXFileReference; explicitFileType = wrapper.application; includeInIndex = 0; path = dropbox.app; sourceTree = BUILT_PRODUCTS_DIR; };
		0C8CD88C19E792D8001E5790 /* Info.plist */ = {isa = PBXFileReference; lastKnownFileType = text.plist.xml; path = Info.plist; sourceTree = "<group>"; };
		0C8CD88D19E792D8001E5790 /* AppDelegate.swift */ = {isa = PBXFileReference; lastKnownFileType = sourcecode.swift; path = AppDelegate.swift; sourceTree = "<group>"; };
		0C8CD88F19E792D8001E5790 /* ViewController.swift */ = {isa = PBXFileReference; lastKnownFileType = sourcecode.swift; path = ViewController.swift; sourceTree = "<group>"; };
		0C8CD89219E792D8001E5790 /* Base */ = {isa = PBXFileReference; lastKnownFileType = file.storyboard; name = Base; path = Base.lproj/Main.storyboard; sourceTree = "<group>"; };
		0C8CD89419E792D8001E5790 /* Images.xcassets */ = {isa = PBXFileReference; lastKnownFileType = folder.assetcatalog; path = Images.xcassets; sourceTree = "<group>"; };
		0C8CD89719E792D8001E5790 /* Base */ = {isa = PBXFileReference; lastKnownFileType = file.xib; name = Base; path = Base.lproj/LaunchScreen.xib; sourceTree = "<group>"; };
		0C8CD89D19E792D8001E5790 /* dropboxTests.xctest */ = {isa = PBXFileReference; explicitFileType = wrapper.cfbundle; includeInIndex = 0; path = dropboxTests.xctest; sourceTree = BUILT_PRODUCTS_DIR; };
		0C8CD8A219E792D8001E5790 /* Info.plist */ = {isa = PBXFileReference; lastKnownFileType = text.plist.xml; path = Info.plist; sourceTree = "<group>"; };
		0C8CD8A319E792D8001E5790 /* dropboxTests.swift */ = {isa = PBXFileReference; lastKnownFileType = sourcecode.swift; path = dropboxTests.swift; sourceTree = "<group>"; };
		0C8CD8AF19E7B161001E5790 /* DoneViewController.swift */ = {isa = PBXFileReference; fileEncoding = 4; lastKnownFileType = sourcecode.swift; path = DoneViewController.swift; sourceTree = "<group>"; };
		0C8CD8B119E82877001E5790 /* SettingsViewController.swift */ = {isa = PBXFileReference; fileEncoding = 4; lastKnownFileType = sourcecode.swift; path = SettingsViewController.swift; sourceTree = "<group>"; };
		0C8CD8B319E82D9E001E5790 /* TroubleViewController.swift */ = {isa = PBXFileReference; fileEncoding = 4; lastKnownFileType = sourcecode.swift; path = TroubleViewController.swift; sourceTree = "<group>"; };
		0CA0D4BA19E89F61009D3807 /* SignInSegueViewController.swift */ = {isa = PBXFileReference; fileEncoding = 4; lastKnownFileType = sourcecode.swift; path = SignInSegueViewController.swift; sourceTree = "<group>"; };
		0CA0D4BC19E8A3F2009D3807 /* CreateAccountRootViewController.swift */ = {isa = PBXFileReference; fileEncoding = 4; lastKnownFileType = sourcecode.swift; path = CreateAccountRootViewController.swift; sourceTree = "<group>"; };
		0CA0D4BE19E8A599009D3807 /* SignInViewController.swift */ = {isa = PBXFileReference; fileEncoding = 4; lastKnownFileType = sourcecode.swift; path = SignInViewController.swift; sourceTree = "<group>"; };
		0CA0D4C019E8A8B7009D3807 /* CreateAccountViewController.swift */ = {isa = PBXFileReference; fileEncoding = 4; lastKnownFileType = sourcecode.swift; path = CreateAccountViewController.swift; sourceTree = "<group>"; };
		0CB94B8319EB819F0054734A /* ExistingPhotosViewController.swift */ = {isa = PBXFileReference; fileEncoding = 4; lastKnownFileType = sourcecode.swift; path = ExistingPhotosViewController.swift; sourceTree = "<group>"; };
/* End PBXFileReference section */

/* Begin PBXFrameworksBuildPhase section */
		0C8CD88519E792D8001E5790 /* Frameworks */ = {
			isa = PBXFrameworksBuildPhase;
			buildActionMask = 2147483647;
			files = (
			);
			runOnlyForDeploymentPostprocessing = 0;
		};
		0C8CD89A19E792D8001E5790 /* Frameworks */ = {
			isa = PBXFrameworksBuildPhase;
			buildActionMask = 2147483647;
			files = (
			);
			runOnlyForDeploymentPostprocessing = 0;
		};
/* End PBXFrameworksBuildPhase section */

/* Begin PBXGroup section */
		0C8CD87F19E792D8001E5790 = {
			isa = PBXGroup;
			children = (
				0C8CD8AF19E7B161001E5790 /* DoneViewController.swift */,
				0C8CD88A19E792D8001E5790 /* dropbox */,
				0C8CD8A019E792D8001E5790 /* dropboxTests */,
				0C8CD88919E792D8001E5790 /* Products */,
			);
			sourceTree = "<group>";
		};
		0C8CD88919E792D8001E5790 /* Products */ = {
			isa = PBXGroup;
			children = (
				0C8CD88819E792D8001E5790 /* dropbox.app */,
				0C8CD89D19E792D8001E5790 /* dropboxTests.xctest */,
			);
			name = Products;
			sourceTree = "<group>";
		};
		0C8CD88A19E792D8001E5790 /* dropbox */ = {
			isa = PBXGroup;
			children = (
				0C8CD88D19E792D8001E5790 /* AppDelegate.swift */,
				0C8CD88F19E792D8001E5790 /* ViewController.swift */,
				0C8CD89119E792D8001E5790 /* Main.storyboard */,
				0CB94B8319EB819F0054734A /* ExistingPhotosViewController.swift */,
				0CA0D4C019E8A8B7009D3807 /* CreateAccountViewController.swift */,
				0CA0D4BE19E8A599009D3807 /* SignInViewController.swift */,
				0CA0D4BC19E8A3F2009D3807 /* CreateAccountRootViewController.swift */,
				0CA0D4BA19E89F61009D3807 /* SignInSegueViewController.swift */,
				0C8CD8B319E82D9E001E5790 /* TroubleViewController.swift */,
				0C8CD8B119E82877001E5790 /* SettingsViewController.swift */,
				0C8CD89419E792D8001E5790 /* Images.xcassets */,
				0C8CD89619E792D8001E5790 /* LaunchScreen.xib */,
				0C8CD88B19E792D8001E5790 /* Supporting Files */,
			);
			path = dropbox;
			sourceTree = "<group>";
		};
		0C8CD88B19E792D8001E5790 /* Supporting Files */ = {
			isa = PBXGroup;
			children = (
				0C8CD88C19E792D8001E5790 /* Info.plist */,
			);
			name = "Supporting Files";
			sourceTree = "<group>";
		};
		0C8CD8A019E792D8001E5790 /* dropboxTests */ = {
			isa = PBXGroup;
			children = (
				0C8CD8A319E792D8001E5790 /* dropboxTests.swift */,
				0C8CD8A119E792D8001E5790 /* Supporting Files */,
			);
			path = dropboxTests;
			sourceTree = "<group>";
		};
		0C8CD8A119E792D8001E5790 /* Supporting Files */ = {
			isa = PBXGroup;
			children = (
				0C8CD8A219E792D8001E5790 /* Info.plist */,
			);
			name = "Supporting Files";
			sourceTree = "<group>";
		};
/* End PBXGroup section */

/* Begin PBXNativeTarget section */
		0C8CD88719E792D8001E5790 /* dropbox */ = {
			isa = PBXNativeTarget;
			buildConfigurationList = 0C8CD8A719E792D8001E5790 /* Build configuration list for PBXNativeTarget "dropbox" */;
			buildPhases = (
				0C8CD88419E792D8001E5790 /* Sources */,
				0C8CD88519E792D8001E5790 /* Frameworks */,
				0C8CD88619E792D8001E5790 /* Resources */,
			);
			buildRules = (
			);
			dependencies = (
			);
			name = dropbox;
			productName = dropbox;
			productReference = 0C8CD88819E792D8001E5790 /* dropbox.app */;
			productType = "com.apple.product-type.application";
		};
		0C8CD89C19E792D8001E5790 /* dropboxTests */ = {
			isa = PBXNativeTarget;
			buildConfigurationList = 0C8CD8AA19E792D8001E5790 /* Build configuration list for PBXNativeTarget "dropboxTests" */;
			buildPhases = (
				0C8CD89919E792D8001E5790 /* Sources */,
				0C8CD89A19E792D8001E5790 /* Frameworks */,
				0C8CD89B19E792D8001E5790 /* Resources */,
			);
			buildRules = (
			);
			dependencies = (
				0C8CD89F19E792D8001E5790 /* PBXTargetDependency */,
			);
			name = dropboxTests;
			productName = dropboxTests;
			productReference = 0C8CD89D19E792D8001E5790 /* dropboxTests.xctest */;
			productType = "com.apple.product-type.bundle.unit-test";
		};
/* End PBXNativeTarget section */

/* Begin PBXProject section */
		0C8CD88019E792D8001E5790 /* Project object */ = {
			isa = PBXProject;
			attributes = {
				LastUpgradeCheck = 0600;
				ORGANIZATIONNAME = HearsaySocial;
				TargetAttributes = {
					0C8CD88719E792D8001E5790 = {
						CreatedOnToolsVersion = 6.0.1;
						DevelopmentTeam = UWX4368CMH;
					};
					0C8CD89C19E792D8001E5790 = {
						CreatedOnToolsVersion = 6.0.1;
						TestTargetID = 0C8CD88719E792D8001E5790;
					};
				};
			};
			buildConfigurationList = 0C8CD88319E792D8001E5790 /* Build configuration list for PBXProject "dropbox" */;
			compatibilityVersion = "Xcode 3.2";
			developmentRegion = English;
			hasScannedForEncodings = 0;
			knownRegions = (
				en,
				Base,
			);
			mainGroup = 0C8CD87F19E792D8001E5790;
			productRefGroup = 0C8CD88919E792D8001E5790 /* Products */;
			projectDirPath = "";
			projectRoot = "";
			targets = (
				0C8CD88719E792D8001E5790 /* dropbox */,
				0C8CD89C19E792D8001E5790 /* dropboxTests */,
			);
		};
/* End PBXProject section */

/* Begin PBXResourcesBuildPhase section */
		0C8CD88619E792D8001E5790 /* Resources */ = {
			isa = PBXResourcesBuildPhase;
			buildActionMask = 2147483647;
			files = (
				0C8CD89319E792D8001E5790 /* Main.storyboard in Resources */,
				0C8CD89819E792D8001E5790 /* LaunchScreen.xib in Resources */,
				0C8CD89519E792D8001E5790 /* Images.xcassets in Resources */,
			);
			runOnlyForDeploymentPostprocessing = 0;
		};
		0C8CD89B19E792D8001E5790 /* Resources */ = {
			isa = PBXResourcesBuildPhase;
			buildActionMask = 2147483647;
			files = (
			);
			runOnlyForDeploymentPostprocessing = 0;
		};
/* End PBXResourcesBuildPhase section */

/* Begin PBXSourcesBuildPhase section */
		0C8CD88419E792D8001E5790 /* Sources */ = {
			isa = PBXSourcesBuildPhase;
			buildActionMask = 2147483647;
			files = (
				0CA0D4BD19E8A3F3009D3807 /* CreateAccountRootViewController.swift in Sources */,
				0CA0D4BB19E89F61009D3807 /* SignInSegueViewController.swift in Sources */,
				0C8CD89019E792D8001E5790 /* ViewController.swift in Sources */,
				0C8CD8B019E7B161001E5790 /* DoneViewController.swift in Sources */,
				0CA0D4BF19E8A599009D3807 /* SignInViewController.swift in Sources */,
				0C8CD88E19E792D8001E5790 /* AppDelegate.swift in Sources */,
				0CB94B8419EB819F0054734A /* ExistingPhotosViewController.swift in Sources */,
				0CA0D4C119E8A8B7009D3807 /* CreateAccountViewController.swift in Sources */,
				0C8CD8B219E82877001E5790 /* SettingsViewController.swift in Sources */,
				0C8CD8B419E82D9E001E5790 /* TroubleViewController.swift in Sources */,
			);
			runOnlyForDeploymentPostprocessing = 0;
		};
		0C8CD89919E792D8001E5790 /* Sources */ = {
			isa = PBXSourcesBuildPhase;
			buildActionMask = 2147483647;
			files = (
				0C8CD8A419E792D8001E5790 /* dropboxTests.swift in Sources */,
			);
			runOnlyForDeploymentPostprocessing = 0;
		};
/* End PBXSourcesBuildPhase section */

/* Begin PBXTargetDependency section */
		0C8CD89F19E792D8001E5790 /* PBXTargetDependency */ = {
			isa = PBXTargetDependency;
			target = 0C8CD88719E792D8001E5790 /* dropbox */;
			targetProxy = 0C8CD89E19E792D8001E5790 /* PBXContainerItemProxy */;
		};
/* End PBXTargetDependency section */

/* Begin PBXVariantGroup section */
		0C8CD89119E792D8001E5790 /* Main.storyboard */ = {
			isa = PBXVariantGroup;
			children = (
				0C8CD89219E792D8001E5790 /* Base */,
			);
			name = Main.storyboard;
			sourceTree = "<group>";
		};
		0C8CD89619E792D8001E5790 /* LaunchScreen.xib */ = {
			isa = PBXVariantGroup;
			children = (
				0C8CD89719E792D8001E5790 /* Base */,
			);
			name = LaunchScreen.xib;
			sourceTree = "<group>";
		};
/* End PBXVariantGroup section */

/* Begin XCBuildConfiguration section */
		0C8CD8A519E792D8001E5790 /* Debug */ = {
			isa = XCBuildConfiguration;
			buildSettings = {
				ALWAYS_SEARCH_USER_PATHS = NO;
				CLANG_CXX_LANGUAGE_STANDARD = "gnu++0x";
				CLANG_CXX_LIBRARY = "libc++";
				CLANG_ENABLE_MODULES = YES;
				CLANG_ENABLE_OBJC_ARC = YES;
				CLANG_WARN_BOOL_CONVERSION = YES;
				CLANG_WARN_CONSTANT_CONVERSION = YES;
				CLANG_WARN_DIRECT_OBJC_ISA_USAGE = YES_ERROR;
				CLANG_WARN_EMPTY_BODY = YES;
				CLANG_WARN_ENUM_CONVERSION = YES;
				CLANG_WARN_INT_CONVERSION = YES;
				CLANG_WARN_OBJC_ROOT_CLASS = YES_ERROR;
				CLANG_WARN_UNREACHABLE_CODE = YES;
				CLANG_WARN__DUPLICATE_METHOD_MATCH = YES;
				"CODE_SIGN_IDENTITY[sdk=iphoneos*]" = "iPhone Developer";
				COPY_PHASE_STRIP = NO;
				ENABLE_STRICT_OBJC_MSGSEND = YES;
				GCC_C_LANGUAGE_STANDARD = gnu99;
				GCC_DYNAMIC_NO_PIC = NO;
				GCC_OPTIMIZATION_LEVEL = 0;
				GCC_PREPROCESSOR_DEFINITIONS = (
					"DEBUG=1",
					"$(inherited)",
				);
				GCC_SYMBOLS_PRIVATE_EXTERN = NO;
				GCC_WARN_64_TO_32_BIT_CONVERSION = YES;
				GCC_WARN_ABOUT_RETURN_TYPE = YES_ERROR;
				GCC_WARN_UNDECLARED_SELECTOR = YES;
				GCC_WARN_UNINITIALIZED_AUTOS = YES_AGGRESSIVE;
				GCC_WARN_UNUSED_FUNCTION = YES;
				GCC_WARN_UNUSED_VARIABLE = YES;
				IPHONEOS_DEPLOYMENT_TARGET = 8.0;
				MTL_ENABLE_DEBUG_INFO = YES;
				ONLY_ACTIVE_ARCH = YES;
				SDKROOT = iphoneos;
				SWIFT_OPTIMIZATION_LEVEL = "-Onone";
			};
			name = Debug;
		};
		0C8CD8A619E792D8001E5790 /* Release */ = {
			isa = XCBuildConfiguration;
			buildSettings = {
				ALWAYS_SEARCH_USER_PATHS = NO;
				CLANG_CXX_LANGUAGE_STANDARD = "gnu++0x";
				CLANG_CXX_LIBRARY = "libc++";
				CLANG_ENABLE_MODULES = YES;
				CLANG_ENABLE_OBJC_ARC = YES;
				CLANG_WARN_BOOL_CONVERSION = YES;
				CLANG_WARN_CONSTANT_CONVERSION = YES;
				CLANG_WARN_DIRECT_OBJC_ISA_USAGE = YES_ERROR;
				CLANG_WARN_EMPTY_BODY = YES;
				CLANG_WARN_ENUM_CONVERSION = YES;
				CLANG_WARN_INT_CONVERSION = YES;
				CLANG_WARN_OBJC_ROOT_CLASS = YES_ERROR;
				CLANG_WARN_UNREACHABLE_CODE = YES;
				CLANG_WARN__DUPLICATE_METHOD_MATCH = YES;
				"CODE_SIGN_IDENTITY[sdk=iphoneos*]" = "iPhone Developer";
				COPY_PHASE_STRIP = YES;
				ENABLE_NS_ASSERTIONS = NO;
				ENABLE_STRICT_OBJC_MSGSEND = YES;
				GCC_C_LANGUAGE_STANDARD = gnu99;
				GCC_WARN_64_TO_32_BIT_CONVERSION = YES;
				GCC_WARN_ABOUT_RETURN_TYPE = YES_ERROR;
				GCC_WARN_UNDECLARED_SELECTOR = YES;
				GCC_WARN_UNINITIALIZED_AUTOS = YES_AGGRESSIVE;
				GCC_WARN_UNUSED_FUNCTION = YES;
				GCC_WARN_UNUSED_VARIABLE = YES;
				IPHONEOS_DEPLOYMENT_TARGET = 8.0;
				MTL_ENABLE_DEBUG_INFO = NO;
				SDKROOT = iphoneos;
				VALIDATE_PRODUCT = YES;
			};
			name = Release;
		};
		0C8CD8A819E792D8001E5790 /* Debug */ = {
			isa = XCBuildConfiguration;
			buildSettings = {
				ASSETCATALOG_COMPILER_APPICON_NAME = AppIcon;
				ASSETCATALOG_COMPILER_LAUNCHIMAGE_NAME = LaunchImage;
				CODE_SIGN_IDENTITY = "iPhone Developer";
				"CODE_SIGN_IDENTITY[sdk=iphoneos*]" = "iPhone Developer";
				INFOPLIST_FILE = dropbox/Info.plist;
				IPHONEOS_DEPLOYMENT_TARGET = 7.0;
				LD_RUNPATH_SEARCH_PATHS = "$(inherited) @executable_path/Frameworks";
				PRODUCT_NAME = "$(TARGET_NAME)";
				PROVISIONING_PROFILE = "";
			};
			name = Debug;
		};
		0C8CD8A919E792D8001E5790 /* Release */ = {
			isa = XCBuildConfiguration;
			buildSettings = {
				ASSETCATALOG_COMPILER_APPICON_NAME = AppIcon;
				ASSETCATALOG_COMPILER_LAUNCHIMAGE_NAME = LaunchImage;
				CODE_SIGN_IDENTITY = "iPhone Developer";
				"CODE_SIGN_IDENTITY[sdk=iphoneos*]" = "iPhone Developer";
				INFOPLIST_FILE = dropbox/Info.plist;
				IPHONEOS_DEPLOYMENT_TARGET = 7.0;
				LD_RUNPATH_SEARCH_PATHS = "$(inherited) @executable_path/Frameworks";
				PRODUCT_NAME = "$(TARGET_NAME)";
				PROVISIONING_PROFILE = "";
			};
			name = Release;
		};
		0C8CD8AB19E792D8001E5790 /* Debug */ = {
			isa = XCBuildConfiguration;
			buildSettings = {
				BUNDLE_LOADER = "$(TEST_HOST)";
				FRAMEWORK_SEARCH_PATHS = (
					"$(SDKROOT)/Developer/Library/Frameworks",
					"$(inherited)",
				);
				GCC_PREPROCESSOR_DEFINITIONS = (
					"DEBUG=1",
					"$(inherited)",
				);
				INFOPLIST_FILE = dropboxTests/Info.plist;
				LD_RUNPATH_SEARCH_PATHS = "$(inherited) @executable_path/Frameworks @loader_path/Frameworks";
				PRODUCT_NAME = "$(TARGET_NAME)";
				TEST_HOST = "$(BUILT_PRODUCTS_DIR)/dropbox.app/dropbox";
			};
			name = Debug;
		};
		0C8CD8AC19E792D8001E5790 /* Release */ = {
			isa = XCBuildConfiguration;
			buildSettings = {
				BUNDLE_LOADER = "$(TEST_HOST)";
				FRAMEWORK_SEARCH_PATHS = (
					"$(SDKROOT)/Developer/Library/Frameworks",
					"$(inherited)",
				);
				INFOPLIST_FILE = dropboxTests/Info.plist;
				LD_RUNPATH_SEARCH_PATHS = "$(inherited) @executable_path/Frameworks @loader_path/Frameworks";
				PRODUCT_NAME = "$(TARGET_NAME)";
				TEST_HOST = "$(BUILT_PRODUCTS_DIR)/dropbox.app/dropbox";
			};
			name = Release;
		};
/* End XCBuildConfiguration section */

/* Begin XCConfigurationList section */
		0C8CD88319E792D8001E5790 /* Build configuration list for PBXProject "dropbox" */ = {
			isa = XCConfigurationList;
			buildConfigurations = (
				0C8CD8A519E792D8001E5790 /* Debug */,
				0C8CD8A619E792D8001E5790 /* Release */,
			);
			defaultConfigurationIsVisible = 0;
			defaultConfigurationName = Release;
		};
		0C8CD8A719E792D8001E5790 /* Build configuration list for PBXNativeTarget "dropbox" */ = {
			isa = XCConfigurationList;
			buildConfigurations = (
				0C8CD8A819E792D8001E5790 /* Debug */,
				0C8CD8A919E792D8001E5790 /* Release */,
			);
			defaultConfigurationIsVisible = 0;
			defaultConfigurationName = Release;
		};
		0C8CD8AA19E792D8001E5790 /* Build configuration list for PBXNativeTarget "dropboxTests" */ = {
			isa = XCConfigurationList;
			buildConfigurations = (
				0C8CD8AB19E792D8001E5790 /* Debug */,
				0C8CD8AC19E792D8001E5790 /* Release */,
			);
			defaultConfigurationIsVisible = 0;
			defaultConfigurationName = Release;
		};
/* End XCConfigurationList section */
	};
	rootObject = 0C8CD88019E792D8001E5790 /* Project object */;
}
